
Microsoft Visual Studio Solution File, Format Version 12.00
# Visual Studio Version 17
VisualStudioVersion = 17.0.31903.59
MinimumVisualStudioVersion = 10.0.40219.1
Project("{2150E333-8FDC-42A3-9474-1A3956D46DE8}") = "src", "src", "{827E0CD3-B72D-47B6-A68D-7590B98EB39B}"
EndProject
Project("{2150E333-8FDC-42A3-9474-1A3956D46DE8}") = "Core", "Core", "{8D626EA8-CB54-BC41-363A-217881BEBA6E}"
EndProject
Project("{FAE04EC0-301F-11D3-BF4B-00C04F79EFBC}") = "GameLauncher.Core", "src\Core\GameLauncher.Core\GameLauncher.Core.csproj", "{F5F84304-7E2D-472A-99D0-68B16B5E2946}"
EndProject
Project("{FAE04EC0-301F-11D3-BF4B-00C04F79EFBC}") = "GameLauncher.Data", "src\Core\GameLauncher.Data\GameLauncher.Data.csproj", "{041B1664-A3CA-4CF8-A9FC-A501F4C863BF}"
EndProject
Project("{FAE04EC0-301F-11D3-BF4B-00C04F79EFBC}") = "GameLauncher.Infrastructure", "src\Core\GameLauncher.Infrastructure\GameLauncher.Infrastructure.csproj", "{A5ACFE4D-1696-4AE5-B47F-169C54369002}"
EndProject
Project("{2150E333-8FDC-42A3-9474-1A3956D46DE8}") = "UI", "UI", "{BBB7B94B-6E11-D9F1-7BA6-9ECA82DB22BF}"
EndProject
Project("{FAE04EC0-301F-11D3-BF4B-00C04F79EFBC}") = "GameLauncher.Desktop", "src\UI\GameLauncher.Desktop\GameLauncher.Desktop.csproj", "{F6E1900A-535A-4CF1-B351-FECAAFF75D3C}"
EndProject
Project("{FAE04EC0-301F-11D3-BF4B-00C04F79EFBC}") = "GameLauncher.BigScreen", "src\UI\GameLauncher.BigScreen\GameLauncher.BigScreen.csproj", "{618EE9C3-4B4B-454F-9E2C-22D8CC2F84DE}"
EndProject
Project("{FAE04EC0-301F-11D3-BF4B-00C04F79EFBC}") = "GameLauncher.UI.Shared", "src\UI\GameLauncher.UI.Shared\GameLauncher.UI.Shared.csproj", "{1167108C-A8E2-4778-8095-5A696AE31E79}"
EndProject
Project("{2150E333-8FDC-42A3-9474-1A3956D46DE8}") = "Plugins", "Plugins", "{58D3A2C3-F96F-5E57-2C6B-ECE59D6A18FC}"
EndProject
Project("{FAE04EC0-301F-11D3-BF4B-00C04F79EFBC}") = "GameLauncher.Plugins", "src\Plugins\GameLauncher.Plugins\GameLauncher.Plugins.csproj", "{52A089F9-CC00-4D1B-938C-7266FCD16C70}"
EndProject
Project("{2150E333-8FDC-42A3-9474-1A3956D46DE8}") = "tests", "tests", "{0AB3BF05-4346-4AA6-1389-037BE0695223}"
EndProject
Project("{FAE04EC0-301F-11D3-BF4B-00C04F79EFBC}") = "GameLauncher.Core.Tests", "tests\GameLauncher.Core.Tests\GameLauncher.Core.Tests.csproj", "{8ABE7523-5615-47DE-98AA-A2AAA5ACCA9C}"
EndProject
Project("{FAE04EC0-301F-11D3-BF4B-00C04F79EFBC}") = "GameLauncher.Data.Tests", "tests\GameLauncher.Data.Tests\GameLauncher.Data.Tests.csproj", "{0C38DE97-5F32-4AFA-A115-9EE66795C237}"
EndProject
Project("{FAE04EC0-301F-11D3-BF4B-00C04F79EFBC}") = "GameLauncher.UI.Tests", "tests\GameLauncher.UI.Tests\GameLauncher.UI.Tests.csproj", "{75BBAACA-DAB5-44DA-9A4B-96624588C575}"
EndProject
Project("{FAE04EC0-301F-11D3-BF4B-00C04F79EFBC}") = "GameLauncher.Infrastructure.Tests", "tests\GameLauncher.Infrastructure.Tests\GameLauncher.Infrastructure.Tests.csproj", "{6B967402-E851-4457-AA05-168D78B6AC67}"
EndProject
Project("{2150E333-8FDC-42A3-9474-1A3956D46DE8}") = "Android", "Android", "{85A083CA-3486-20C1-7B7D-A04A1E9A2EA1}"
EndProject
Project("{FAE04EC0-301F-11D3-BF4B-00C04F79EFBC}") = "GameLauncher.Android", "src\Android\GameLauncher.Android\GameLauncher.Android.csproj", "{B63A9763-569F-4643-863E-2413E1AC0998}"
EndProject
Global
	GlobalSection(SolutionConfigurationPlatforms) = preSolution
		Debug|Any CPU = Debug|Any CPU
		Debug|x64 = Debug|x64
		Debug|x86 = Debug|x86
		Release|Any CPU = Release|Any CPU
		Release|x64 = Release|x64
		Release|x86 = Release|x86
	EndGlobalSection
	GlobalSection(ProjectConfigurationPlatforms) = postSolution
		{F5F84304-7E2D-472A-99D0-68B16B5E2946}.Debug|Any CPU.ActiveCfg = Debug|Any CPU
		{F5F84304-7E2D-472A-99D0-68B16B5E2946}.Debug|Any CPU.Build.0 = Debug|Any CPU
		{F5F84304-7E2D-472A-99D0-68B16B5E2946}.Debug|x64.ActiveCfg = Debug|Any CPU
		{F5F84304-7E2D-472A-99D0-68B16B5E2946}.Debug|x64.Build.0 = Debug|Any CPU
		{F5F84304-7E2D-472A-99D0-68B16B5E2946}.Debug|x86.ActiveCfg = Debug|Any CPU
		{F5F84304-7E2D-472A-99D0-68B16B5E2946}.Debug|x86.Build.0 = Debug|Any CPU
		{F5F84304-7E2D-472A-99D0-68B16B5E2946}.Release|Any CPU.ActiveCfg = Release|Any CPU
		{F5F84304-7E2D-472A-99D0-68B16B5E2946}.Release|Any CPU.Build.0 = Release|Any CPU
		{F5F84304-7E2D-472A-99D0-68B16B5E2946}.Release|x64.ActiveCfg = Release|Any CPU
		{F5F84304-7E2D-472A-99D0-68B16B5E2946}.Release|x64.Build.0 = Release|Any CPU
		{F5F84304-7E2D-472A-99D0-68B16B5E2946}.Release|x86.ActiveCfg = Release|Any CPU
		{F5F84304-7E2D-472A-99D0-68B16B5E2946}.Release|x86.Build.0 = Release|Any CPU
		{041B1664-A3CA-4CF8-A9FC-A501F4C863BF}.Debug|Any CPU.ActiveCfg = Debug|Any CPU
		{041B1664-A3CA-4CF8-A9FC-A501F4C863BF}.Debug|Any CPU.Build.0 = Debug|Any CPU
		{041B1664-A3CA-4CF8-A9FC-A501F4C863BF}.Debug|x64.ActiveCfg = Debug|Any CPU
		{041B1664-A3CA-4CF8-A9FC-A501F4C863BF}.Debug|x64.Build.0 = Debug|Any CPU
		{041B1664-A3CA-4CF8-A9FC-A501F4C863BF}.Debug|x86.ActiveCfg = Debug|Any CPU
		{041B1664-A3CA-4CF8-A9FC-A501F4C863BF}.Debug|x86.Build.0 = Debug|Any CPU
		{041B1664-A3CA-4CF8-A9FC-A501F4C863BF}.Release|Any CPU.ActiveCfg = Release|Any CPU
		{041B1664-A3CA-4CF8-A9FC-A501F4C863BF}.Release|Any CPU.Build.0 = Release|Any CPU
		{041B1664-A3CA-4CF8-A9FC-A501F4C863BF}.Release|x64.ActiveCfg = Release|Any CPU
		{041B1664-A3CA-4CF8-A9FC-A501F4C863BF}.Release|x64.Build.0 = Release|Any CPU
		{041B1664-A3CA-4CF8-A9FC-A501F4C863BF}.Release|x86.ActiveCfg = Release|Any CPU
		{041B1664-A3CA-4CF8-A9FC-A501F4C863BF}.Release|x86.Build.0 = Release|Any CPU
		{A5ACFE4D-1696-4AE5-B47F-169C54369002}.Debug|Any CPU.ActiveCfg = Debug|Any CPU
		{A5ACFE4D-1696-4AE5-B47F-169C54369002}.Debug|Any CPU.Build.0 = Debug|Any CPU
		{A5ACFE4D-1696-4AE5-B47F-169C54369002}.Debug|x64.ActiveCfg = Debug|Any CPU
		{A5ACFE4D-1696-4AE5-B47F-169C54369002}.Debug|x64.Build.0 = Debug|Any CPU
		{A5ACFE4D-1696-4AE5-B47F-169C54369002}.Debug|x86.ActiveCfg = Debug|Any CPU
		{A5ACFE4D-1696-4AE5-B47F-169C54369002}.Debug|x86.Build.0 = Debug|Any CPU
		{A5ACFE4D-1696-4AE5-B47F-169C54369002}.Release|Any CPU.ActiveCfg = Release|Any CPU
		{A5ACFE4D-1696-4AE5-B47F-169C54369002}.Release|Any CPU.Build.0 = Release|Any CPU
		{A5ACFE4D-1696-4AE5-B47F-169C54369002}.Release|x64.ActiveCfg = Release|Any CPU
		{A5ACFE4D-1696-4AE5-B47F-169C54369002}.Release|x64.Build.0 = Release|Any CPU
		{A5ACFE4D-1696-4AE5-B47F-169C54369002}.Release|x86.ActiveCfg = Release|Any CPU
		{A5ACFE4D-1696-4AE5-B47F-169C54369002}.Release|x86.Build.0 = Release|Any CPU
		{F6E1900A-535A-4CF1-B351-FECAAFF75D3C}.Debug|Any CPU.ActiveCfg = Debug|Any CPU
		{F6E1900A-535A-4CF1-B351-FECAAFF75D3C}.Debug|Any CPU.Build.0 = Debug|Any CPU
		{F6E1900A-535A-4CF1-B351-FECAAFF75D3C}.Debug|x64.ActiveCfg = Debug|Any CPU
		{F6E1900A-535A-4CF1-B351-FECAAFF75D3C}.Debug|x64.Build.0 = Debug|Any CPU
		{F6E1900A-535A-4CF1-B351-FECAAFF75D3C}.Debug|x86.ActiveCfg = Debug|Any CPU
		{F6E1900A-535A-4CF1-B351-FECAAFF75D3C}.Debug|x86.Build.0 = Debug|Any CPU
		{F6E1900A-535A-4CF1-B351-FECAAFF75D3C}.Release|Any CPU.ActiveCfg = Release|Any CPU
		{F6E1900A-535A-4CF1-B351-FECAAFF75D3C}.Release|Any CPU.Build.0 = Release|Any CPU
		{F6E1900A-535A-4CF1-B351-FECAAFF75D3C}.Release|x64.ActiveCfg = Release|Any CPU
		{F6E1900A-535A-4CF1-B351-FECAAFF75D3C}.Release|x64.Build.0 = Release|Any CPU
		{F6E1900A-535A-4CF1-B351-FECAAFF75D3C}.Release|x86.ActiveCfg = Release|Any CPU
		{F6E1900A-535A-4CF1-B351-FECAAFF75D3C}.Release|x86.Build.0 = Release|Any CPU
		{618EE9C3-4B4B-454F-9E2C-22D8CC2F84DE}.Debug|Any CPU.ActiveCfg = Debug|Any CPU
		{618EE9C3-4B4B-454F-9E2C-22D8CC2F84DE}.Debug|Any CPU.Build.0 = Debug|Any CPU
		{618EE9C3-4B4B-454F-9E2C-22D8CC2F84DE}.Debug|x64.ActiveCfg = Debug|Any CPU
		{618EE9C3-4B4B-454F-9E2C-22D8CC2F84DE}.Debug|x64.Build.0 = Debug|Any CPU
		{618EE9C3-4B4B-454F-9E2C-22D8CC2F84DE}.Debug|x86.ActiveCfg = Debug|Any CPU
		{618EE9C3-4B4B-454F-9E2C-22D8CC2F84DE}.Debug|x86.Build.0 = Debug|Any CPU
		{618EE9C3-4B4B-454F-9E2C-22D8CC2F84DE}.Release|Any CPU.ActiveCfg = Release|Any CPU
		{618EE9C3-4B4B-454F-9E2C-22D8CC2F84DE}.Release|Any CPU.Build.0 = Release|Any CPU
		{618EE9C3-4B4B-454F-9E2C-22D8CC2F84DE}.Release|x64.ActiveCfg = Release|Any CPU
		{618EE9C3-4B4B-454F-9E2C-22D8CC2F84DE}.Release|x64.Build.0 = Release|Any CPU
		{618EE9C3-4B4B-454F-9E2C-22D8CC2F84DE}.Release|x86.ActiveCfg = Release|Any CPU
		{618EE9C3-4B4B-454F-9E2C-22D8CC2F84DE}.Release|x86.Build.0 = Release|Any CPU
		{1167108C-A8E2-4778-8095-5A696AE31E79}.Debug|Any CPU.ActiveCfg = Debug|Any CPU
		{1167108C-A8E2-4778-8095-5A696AE31E79}.Debug|Any CPU.Build.0 = Debug|Any CPU
		{1167108C-A8E2-4778-8095-5A696AE31E79}.Debug|x64.ActiveCfg = Debug|Any CPU
		{1167108C-A8E2-4778-8095-5A696AE31E79}.Debug|x64.Build.0 = Debug|Any CPU
		{1167108C-A8E2-4778-8095-5A696AE31E79}.Debug|x86.ActiveCfg = Debug|Any CPU
		{1167108C-A8E2-4778-8095-5A696AE31E79}.Debug|x86.Build.0 = Debug|Any CPU
		{1167108C-A8E2-4778-8095-5A696AE31E79}.Release|Any CPU.ActiveCfg = Release|Any CPU
		{1167108C-A8E2-4778-8095-5A696AE31E79}.Release|Any CPU.Build.0 = Release|Any CPU
		{1167108C-A8E2-4778-8095-5A696AE31E79}.Release|x64.ActiveCfg = Release|Any CPU
		{1167108C-A8E2-4778-8095-5A696AE31E79}.Release|x64.Build.0 = Release|Any CPU
		{1167108C-A8E2-4778-8095-5A696AE31E79}.Release|x86.ActiveCfg = Release|Any CPU
		{1167108C-A8E2-4778-8095-5A696AE31E79}.Release|x86.Build.0 = Release|Any CPU
		{52A089F9-CC00-4D1B-938C-7266FCD16C70}.Debug|Any CPU.ActiveCfg = Debug|Any CPU
		{52A089F9-CC00-4D1B-938C-7266FCD16C70}.Debug|Any CPU.Build.0 = Debug|Any CPU
		{52A089F9-CC00-4D1B-938C-7266FCD16C70}.Debug|x64.ActiveCfg = Debug|Any CPU
		{52A089F9-CC00-4D1B-938C-7266FCD16C70}.Debug|x64.Build.0 = Debug|Any CPU
		{52A089F9-CC00-4D1B-938C-7266FCD16C70}.Debug|x86.ActiveCfg = Debug|Any CPU
		{52A089F9-CC00-4D1B-938C-7266FCD16C70}.Debug|x86.Build.0 = Debug|Any CPU
		{52A089F9-CC00-4D1B-938C-7266FCD16C70}.Release|Any CPU.ActiveCfg = Release|Any CPU
		{52A089F9-CC00-4D1B-938C-7266FCD16C70}.Release|Any CPU.Build.0 = Release|Any CPU
		{52A089F9-CC00-4D1B-938C-7266FCD16C70}.Release|x64.ActiveCfg = Release|Any CPU
		{52A089F9-CC00-4D1B-938C-7266FCD16C70}.Release|x64.Build.0 = Release|Any CPU
		{52A089F9-CC00-4D1B-938C-7266FCD16C70}.Release|x86.ActiveCfg = Release|Any CPU
		{52A089F9-CC00-4D1B-938C-7266FCD16C70}.Release|x86.Build.0 = Release|Any CPU
		{8ABE7523-5615-47DE-98AA-A2AAA5ACCA9C}.Debug|Any CPU.ActiveCfg = Debug|Any CPU
		{8ABE7523-5615-47DE-98AA-A2AAA5ACCA9C}.Debug|Any CPU.Build.0 = Debug|Any CPU
		{8ABE7523-5615-47DE-98AA-A2AAA5ACCA9C}.Debug|x64.ActiveCfg = Debug|Any CPU
		{8ABE7523-5615-47DE-98AA-A2AAA5ACCA9C}.Debug|x64.Build.0 = Debug|Any CPU
		{8ABE7523-5615-47DE-98AA-A2AAA5ACCA9C}.Debug|x86.ActiveCfg = Debug|Any CPU
		{8ABE7523-5615-47DE-98AA-A2AAA5ACCA9C}.Debug|x86.Build.0 = Debug|Any CPU
		{8ABE7523-5615-47DE-98AA-A2AAA5ACCA9C}.Release|Any CPU.ActiveCfg = Release|Any CPU
		{8ABE7523-5615-47DE-98AA-A2AAA5ACCA9C}.Release|Any CPU.Build.0 = Release|Any CPU
		{8ABE7523-5615-47DE-98AA-A2AAA5ACCA9C}.Release|x64.ActiveCfg = Release|Any CPU
		{8ABE7523-5615-47DE-98AA-A2AAA5ACCA9C}.Release|x64.Build.0 = Release|Any CPU
		{8ABE7523-5615-47DE-98AA-A2AAA5ACCA9C}.Release|x86.ActiveCfg = Release|Any CPU
		{8ABE7523-5615-47DE-98AA-A2AAA5ACCA9C}.Release|x86.Build.0 = Release|Any CPU
		{0C38DE97-5F32-4AFA-A115-9EE66795C237}.Debug|Any CPU.ActiveCfg = Debug|Any CPU
		{0C38DE97-5F32-4AFA-A115-9EE66795C237}.Debug|Any CPU.Build.0 = Debug|Any CPU
		{0C38DE97-5F32-4AFA-A115-9EE66795C237}.Debug|x64.ActiveCfg = Debug|Any CPU
		{0C38DE97-5F32-4AFA-A115-9EE66795C237}.Debug|x64.Build.0 = Debug|Any CPU
		{0C38DE97-5F32-4AFA-A115-9EE66795C237}.Debug|x86.ActiveCfg = Debug|Any CPU
		{0C38DE97-5F32-4AFA-A115-9EE66795C237}.Debug|x86.Build.0 = Debug|Any CPU
		{0C38DE97-5F32-4AFA-A115-9EE66795C237}.Release|Any CPU.ActiveCfg = Release|Any CPU
		{0C38DE97-5F32-4AFA-A115-9EE66795C237}.Release|Any CPU.Build.0 = Release|Any CPU
		{0C38DE97-5F32-4AFA-A115-9EE66795C237}.Release|x64.ActiveCfg = Release|Any CPU
		{0C38DE97-5F32-4AFA-A115-9EE66795C237}.Release|x64.Build.0 = Release|Any CPU
		{0C38DE97-5F32-4AFA-A115-9EE66795C237}.Release|x86.ActiveCfg = Release|Any CPU
		{0C38DE97-5F32-4AFA-A115-9EE66795C237}.Release|x86.Build.0 = Release|Any CPU
		{75BBAACA-DAB5-44DA-9A4B-96624588C575}.Debug|Any CPU.ActiveCfg = Debug|Any CPU
		{75BBAACA-DAB5-44DA-9A4B-96624588C575}.Debug|Any CPU.Build.0 = Debug|Any CPU
		{75BBAACA-DAB5-44DA-9A4B-96624588C575}.Debug|x64.ActiveCfg = Debug|Any CPU
		{75BBAACA-DAB5-44DA-9A4B-96624588C575}.Debug|x64.Build.0 = Debug|Any CPU
		{75BBAACA-DAB5-44DA-9A4B-96624588C575}.Debug|x86.ActiveCfg = Debug|Any CPU
		{75BBAACA-DAB5-44DA-9A4B-96624588C575}.Debug|x86.Build.0 = Debug|Any CPU
		{75BBAACA-DAB5-44DA-9A4B-96624588C575}.Release|Any CPU.ActiveCfg = Release|Any CPU
		{75BBAACA-DAB5-44DA-9A4B-96624588C575}.Release|Any CPU.Build.0 = Release|Any CPU
		{75BBAACA-DAB5-44DA-9A4B-96624588C575}.Release|x64.ActiveCfg = Release|Any CPU
		{75BBAACA-DAB5-44DA-9A4B-96624588C575}.Release|x64.Build.0 = Release|Any CPU
		{75BBAACA-DAB5-44DA-9A4B-96624588C575}.Release|x86.ActiveCfg = Release|Any CPU
		{75BBAACA-DAB5-44DA-9A4B-96624588C575}.Release|x86.Build.0 = Release|Any CPU
		{6B967402-E851-4457-AA05-168D78B6AC67}.Debug|Any CPU.ActiveCfg = Debug|Any CPU
		{6B967402-E851-4457-AA05-168D78B6AC67}.Debug|Any CPU.Build.0 = Debug|Any CPU
		{6B967402-E851-4457-AA05-168D78B6AC67}.Debug|x64.ActiveCfg = Debug|Any CPU
		{6B967402-E851-4457-AA05-168D78B6AC67}.Debug|x64.Build.0 = Debug|Any CPU
		{6B967402-E851-4457-AA05-168D78B6AC67}.Debug|x86.ActiveCfg = Debug|Any CPU
		{6B967402-E851-4457-AA05-168D78B6AC67}.Debug|x86.Build.0 = Debug|Any CPU
		{6B967402-E851-4457-AA05-168D78B6AC67}.Release|Any CPU.ActiveCfg = Release|Any CPU
		{6B967402-E851-4457-AA05-168D78B6AC67}.Release|Any CPU.Build.0 = Release|Any CPU
		{6B967402-E851-4457-AA05-168D78B6AC67}.Release|x64.ActiveCfg = Release|Any CPU
		{6B967402-E851-4457-AA05-168D78B6AC67}.Release|x64.Build.0 = Release|Any CPU
		{6B967402-E851-4457-AA05-168D78B6AC67}.Release|x86.ActiveCfg = Release|Any CPU
		{6B967402-E851-4457-AA05-168D78B6AC67}.Release|x86.Build.0 = Release|Any CPU
		{B63A9763-569F-4643-863E-2413E1AC0998}.Debug|Any CPU.ActiveCfg = Debug|Any CPU
		{B63A9763-569F-4643-863E-2413E1AC0998}.Debug|Any CPU.Build.0 = Debug|Any CPU
		{B63A9763-569F-4643-863E-2413E1AC0998}.Debug|x64.ActiveCfg = Debug|Any CPU
		{B63A9763-569F-4643-863E-2413E1AC0998}.Debug|x64.Build.0 = Debug|Any CPU
		{B63A9763-569F-4643-863E-2413E1AC0998}.Debug|x86.ActiveCfg = Debug|Any CPU
		{B63A9763-569F-4643-863E-2413E1AC0998}.Debug|x86.Build.0 = Debug|Any CPU
		{B63A9763-569F-4643-863E-2413E1AC0998}.Release|Any CPU.ActiveCfg = Release|Any CPU
		{B63A9763-569F-4643-863E-2413E1AC0998}.Release|Any CPU.Build.0 = Release|Any CPU
		{B63A9763-569F-4643-863E-2413E1AC0998}.Release|x64.ActiveCfg = Release|Any CPU
		{B63A9763-569F-4643-863E-2413E1AC0998}.Release|x64.Build.0 = Release|Any CPU
		{B63A9763-569F-4643-863E-2413E1AC0998}.Release|x86.ActiveCfg = Release|Any CPU
		{B63A9763-569F-4643-863E-2413E1AC0998}.Release|x86.Build.0 = Release|Any CPU
	EndGlobalSection
	GlobalSection(SolutionProperties) = preSolution
		HideSolutionNode = FALSE
	EndGlobalSection
	GlobalSection(NestedProjects) = preSolution
		{8D626EA8-CB54-BC41-363A-217881BEBA6E} = {827E0CD3-B72D-47B6-A68D-7590B98EB39B}
		{F5F84304-7E2D-472A-99D0-68B16B5E2946} = {8D626EA8-CB54-BC41-363A-217881BEBA6E}
		{041B1664-A3CA-4CF8-A9FC-A501F4C863BF} = {8D626EA8-CB54-BC41-363A-217881BEBA6E}
		{A5ACFE4D-1696-4AE5-B47F-169C54369002} = {8D626EA8-CB54-BC41-363A-217881BEBA6E}
		{BBB7B94B-6E11-D9F1-7BA6-9ECA82DB22BF} = {827E0CD3-B72D-47B6-A68D-7590B98EB39B}
		{F6E1900A-535A-4CF1-B351-FECAAFF75D3C} = {BBB7B94B-6E11-D9F1-7BA6-9ECA82DB22BF}
		{618EE9C3-4B4B-454F-9E2C-22D8CC2F84DE} = {BBB7B94B-6E11-D9F1-7BA6-9ECA82DB22BF}
		{1167108C-A8E2-4778-8095-5A696AE31E79} = {BBB7B94B-6E11-D9F1-7BA6-9ECA82DB22BF}
		{58D3A2C3-F96F-5E57-2C6B-ECE59D6A18FC} = {827E0CD3-B72D-47B6-A68D-7590B98EB39B}
		{52A089F9-CC00-4D1B-938C-7266FCD16C70} = {58D3A2C3-F96F-5E57-2C6B-ECE59D6A18FC}
		{8ABE7523-5615-47DE-98AA-A2AAA5ACCA9C} = {0AB3BF05-4346-4AA6-1389-037BE0695223}
		{0C38DE97-5F32-4AFA-A115-9EE66795C237} = {0AB3BF05-4346-4AA6-1389-037BE0695223}
		{75BBAACA-DAB5-44DA-9A4B-96624588C575} = {0AB3BF05-4346-4AA6-1389-037BE0695223}
		{6B967402-E851-4457-AA05-168D78B6AC67} = {0AB3BF05-4346-4AA6-1389-037BE0695223}
		{85A083CA-3486-20C1-7B7D-A04A1E9A2EA1} = {827E0CD3-B72D-47B6-A68D-7590B98EB39B}
		{B63A9763-569F-4643-863E-2413E1AC0998} = {85A083CA-3486-20C1-7B7D-A04A1E9A2EA1}
	EndGlobalSection
EndGlobal
